
Microsoft Visual Studio Solution File, Format Version 12.00
# Visual Studio Version 17
VisualStudioVersion = 17.4.33110.190
MinimumVisualStudioVersion = 10.0.40219.1
Project("{FAE04EC0-301F-11D3-BF4B-00C04F79EFBC}") = "BigCorp", "BigCorp.csproj", "{35F3D1DA-E48E-428A-AAD3-5A2FF82FB0D9}"
EndProject
Global
	GlobalSection(SolutionConfigurationPlatforms) = preSolution
		Debug|Any CPU = Debug|Any CPU
		Release|Any CPU = Release|Any CPU
	EndGlobalSection
	GlobalSection(ProjectConfigurationPlatforms) = postSolution
		{35F3D1DA-E48E-428A-AAD3-5A2FF82FB0D9}.Debug|Any CPU.ActiveCfg = Debug|Any CPU
		{35F3D1DA-E48E-428A-AAD3-5A2FF82FB0D9}.Debug|Any CPU.Build.0 = Debug|Any CPU
		{35F3D1DA-E48E-428A-AAD3-5A2FF82FB0D9}.Release|Any CPU.ActiveCfg = Release|Any CPU
		{35F3D1DA-E48E-428A-AAD3-5A2FF82FB0D9}.Release|Any CPU.Build.0 = Release|Any CPU
	EndGlobalSection
	GlobalSection(SolutionProperties) = preSolution
		HideSolutionNode = FALSE
	EndGlobalSection
	GlobalSection(ExtensibilityGlobals) = postSolution
		SolutionGuid = {F961A233-FC0A-4B15-9FAE-F0A8E3B2BC1F}
	EndGlobalSection
EndGlobal
